{
  "name": "quv4",
  "version": "0.0.0",
  "lockfileVersion": 3,
  "requires": true,
  "packages": {
    "": {
      "name": "quv4",
      "version": "0.0.0",
      "workspaces": [
        "packages/*",
        "apps/*"
      ],
      "engines": {
        "node": ">=20"
      }
    },
    "node_modules/@qu/ap-client": {
      "resolved": "packages/ap-client",
      "link": true
    },
    "node_modules/@qu/ap-core": {
      "resolved": "packages/ap-core",
      "link": true
    },
    "node_modules/@qu/ap-delivery": {
      "resolved": "packages/ap-delivery",
      "link": true
    },
    "node_modules/@qu/ap-ingest": {
      "resolved": "packages/ap-ingest",
      "link": true
    },
    "node_modules/@qu/ap-realtime": {
      "resolved": "packages/ap-realtime",
      "link": true
    },
    "node_modules/@qu/ap-store": {
      "resolved": "packages/ap-store",
      "link": true
    },
    "node_modules/@qu/as2": {
      "resolved": "packages/as2",
      "link": true
    },
    "node_modules/@qu/core": {
      "resolved": "packages/core",
      "link": true
    },
    "node_modules/@qu/local-vault": {
      "resolved": "packages/local-vault",
      "link": true
    },
    "node_modules/@qu/reactive": {
      "resolved": "packages/reactive",
      "link": true
    },
    "node_modules/@qu/relay": {
      "resolved": "packages/relay",
      "link": true
    },
    "node_modules/@qu/runtime": {
      "resolved": "packages/runtime",
      "link": true
    },
    "node_modules/ws": {
      "version": "8.21.3",
      "resolved": "https://registry.npmjs.org/ws/-/ws-8.21.3.tgz",
      "integrity": "sha512-201TZ/kPWxoPr/OKWjquZR1SWKXcvxdH+e1xrx89b3YbmzLMFCLfnaG1HFIgWzJOEWZ7MvpK++odZufgYR50Rw==",
      "license": "MIT",
      "engines": {
        "node": ">=10.0.0"
      },
      "peerDependencies": {
        "bufferutil": "^4.0.1",
        "utf-8-validate": ">=5.0.2"
      },
      "peerDependenciesMeta": {
        "bufferutil": {
          "optional": true
        },
        "utf-8-validate": {
          "optional": true
        }
      }
    },
    "packages/ap-client": {
      "name": "@qu/ap-client",
      "version": "0.0.0",
      "dependencies": {
        "@qu/ap-realtime": "*",
        "@qu/as2": "*",
        "@qu/core": "*",
        "@qu/reactive": "*"
      },
      "devDependencies": {
        "@qu/ap-store": "*"
      }
    },
    "packages/ap-core": {
      "name": "@qu/ap-core",
      "version": "0.0.0",
      "dependencies": {
        "@qu/as2": "*"
      }
    },
    "packages/ap-delivery": {
      "name": "@qu/ap-delivery",
      "version": "0.0.0",
      "dependencies": {
        "@qu/ap-core": "*"
      },
      "devDependencies": {
        "@qu/ap-store": "*",
        "@qu/as2": "*",
        "@qu/core": "*",
        "@qu/runtime": "*"
      }
    },
    "packages/ap-ingest": {
      "name": "@qu/ap-ingest",
      "version": "0.0.0",
      "dependencies": {
        "@qu/ap-core": "*",
        "@qu/as2": "*",
        "@qu/core": "*"
      },
      "devDependencies": {
        "@qu/ap-store": "*"
      }
    },
    "packages/ap-realtime": {
      "name": "@qu/ap-realtime",
      "version": "0.0.0",
      "dependencies": {
        "@qu/as2": "*",
        "@qu/core": "*",
        "ws": "^8.18.0"
      },
      "devDependencies": {
        "@qu/ap-store": "*"
      }
    },
    "packages/ap-store": {
      "name": "@qu/ap-store",
      "version": "0.0.0",
      "dependencies": {
        "@qu/as2": "*",
        "@qu/core": "*"
      },
      "devDependencies": {
        "@qu/runtime": "*"
      }
    },
    "packages/as2": {
      "name": "@qu/as2",
      "version": "0.0.0"
    },
    "packages/core": {
      "name": "@qu/core",
      "version": "0.0.0"
    },
    "packages/local-vault": {
      "name": "@qu/local-vault",
      "version": "0.0.0"
    },
    "packages/reactive": {
      "name": "@qu/reactive",
      "version": "0.0.0",
      "devDependencies": {
        "@qu/ap-store": "*",
        "@qu/core": "*"
      }
    },
    "packages/relay": {
      "name": "@qu/relay",
      "version": "0.0.0",
      "dependencies": {
        "@qu/ap-core": "*",
        "@qu/ap-delivery": "*",
        "@qu/ap-ingest": "*",
        "@qu/ap-realtime": "*",
        "@qu/as2": "*",
        "@qu/core": "*",
        "@qu/local-vault": "*"
      },
      "devDependencies": {
        "@qu/ap-client": "*",
        "@qu/ap-store": "*"
      }
    },
    "packages/runtime": {
      "name": "@qu/runtime",
      "version": "0.0.0"
    }
  }
}
